{
  "version": 4,
  "terraform_version": "1.5.7",
  "serial": 15,
  "lineage": "741a4ce5-f042-1d1e-a49d-de2d67161937",
  "outputs": {
    "iam_application_role_arn": {
      "value": "arn:aws:iam::239409137076:role/iam-application-role",
      "type": "string"
    },
    "iam_deploy_role_arn": {
      "value": "arn:aws:iam::239409137076:role/iam-github-deployer-role",
      "type": "string"
    }
  },
  "resources": [
    {
      "mode": "managed",
      "type": "aws_iam_policy",
      "name": "application_postgres_policy",
      "provider": "provider[\"registry.terraform.io/hashicorp/aws\"]",
      "instances": [
        {
          "schema_version": 0,
          "attributes": {
            "arn": "arn:aws:iam::239409137076:policy/iam-application-role-postgres-policy",
            "attachment_count": 1,
            "description": "Policy para a aplicação acessar o Postgres via IAM Auth",
            "id": "arn:aws:iam::239409137076:policy/iam-application-role-postgres-policy",
            "name": "iam-application-role-postgres-policy",
            "name_prefix": "",
            "path": "/",
            "policy": "{\"Statement\":[{\"Action\":[\"rds:CreateDBInstance\",\"rds:DeleteDBInstance\",\"rds:ModifyDBInstance\",\"rds:DescribeDBInstances\",\"rds:CreateDBSubnetGroup\",\"rds:DeleteDBSubnetGroup\",\"rds:ListTagsForResource\",\"rds:DescribeDBSubnetGroups\",\"rds:AddTagsToResource\"],\"Effect\":\"Allow\",\"Resource\":\"*\",\"Sid\":\"AllowRDSActions\"},{\"Action\":[\"ec2:CreateSecurityGroup\",\"ec2:DeleteSecurityGroup\",\"ec2:AuthorizeSecurityGroupIngress\",\"ec2:RevokeSecurityGroupIngress\",\"ec2:AuthorizeSecurityGroupEgress\",\"ec2:RevokeSecurityGroupEgress\",\"ec2:DescribeSecurityGroups\",\"ec2:DescribeNetworkInterfaces\",\"ec2:DescribeVpcs\",\"ec2:DescribeSubnets\",\"ec2:CreateTags\"],\"Effect\":\"Allow\",\"Resource\":\"*\",\"Sid\":\"AllowEC2Actions\"},{\"Action\":[\"secretsmanager:CreateSecret\",\"secretsmanager:GetSecretValue\",\"secretsmanager:DeleteSecret\",\"secretsmanager:DescribeSecret\",\"secretsmanager:TagResource\"],\"Effect\":\"Allow\",\"Resource\":\"*\",\"Sid\":\"AllowSecretsManager\"},{\"Action\":\"iam:CreateServiceLinkedRole\",\"Condition\":{\"StringLike\":{\"iam:AWSServiceName\":\"rds.amazonaws.com\"}},\"Effect\":\"Allow\",\"Resource\":\"arn:aws:iam::*:role/aws-service-role/rds.amazonaws.com/AWSServiceRoleForRDS\",\"Sid\":\"AllowIAMCreateServiceLinkedRoleForRDS\"}],\"Version\":\"2012-10-17\"}",
            "policy_id": "ANPATPPPFQW2NSKFH2HYZ",
            "tags": {},
            "tags_all": {}
          },
          "sensitive_attributes": [],
          "private": "eyJzY2hlbWFfdmVyc2lvbiI6IjAifQ=="
        }
      ]
    },
    {
      "mode": "managed",
      "type": "aws_iam_policy",
      "name": "github_deployer_policy",
      "provider": "provider[\"registry.terraform.io/hashicorp/aws\"]",
      "instances": [
        {
          "schema_version": 0,
          "attributes": {
            "arn": "arn:aws:iam::239409137076:policy/iam-github-deployer-role-policy",
            "attachment_count": 1,
            "description": "Policy para deploy de infra via GitHub Actions",
            "id": "arn:aws:iam::239409137076:policy/iam-github-deployer-role-policy",
            "name": "iam-github-deployer-role-policy",
            "name_prefix": "",
            "path": "/",
            "policy": "{\"Statement\":[{\"Action\":[\"s3:ListBucket\",\"s3:GetObject\",\"s3:PutObject\",\"s3:DeleteObject\"],\"Effect\":\"Allow\",\"Resource\":[\"arn:aws:s3:::meu-eks-terraform-state/*\",\"arn:aws:s3:::meu-eks-terraform-state\"],\"Sid\":\"AllowTerraformStateManagement\"},{\"Action\":[\"dynamodb:GetItem\",\"dynamodb:PutItem\",\"dynamodb:DeleteItem\"],\"Effect\":\"Allow\",\"Resource\":\"arn:aws:dynamodb:*:*:table/meu-eks-terraform-lock-001\",\"Sid\":\"AllowTerraformStateLocking\"},{\"Action\":[\"ec2:*\",\"eks:*\",\"rds:*\",\"apigateway:*\",\"s3:*\",\"dynamodb:*\",\"iam:*\",\"cloudfront:*\",\"lambda:*\",\"cloudwatch:*\",\"cloudformation:*\"],\"Effect\":\"Allow\",\"Resource\":\"*\",\"Sid\":\"AllowInfrastructureDeployment\"}],\"Version\":\"2012-10-17\"}",
            "policy_id": "ANPATPPPFQW2JHBRRDGET",
            "tags": {},
            "tags_all": {}
          },
          "sensitive_attributes": [],
          "private": "eyJzY2hlbWFfdmVyc2lvbiI6IjAifQ=="
        }
      ]
    },
    {
      "mode": "managed",
      "type": "aws_iam_role",
      "name": "application_role",
      "provider": "provider[\"registry.terraform.io/hashicorp/aws\"]",
      "instances": [
        {
          "schema_version": 0,
          "attributes": {
            "arn": "arn:aws:iam::239409137076:role/iam-application-role",
            "assume_role_policy": "{\"Statement\":[{\"Action\":\"sts:AssumeRole\",\"Effect\":\"Allow\",\"Principal\":{\"Service\":\"ec2.amazonaws.com\"}}],\"Version\":\"2012-10-17\"}",
            "create_date": "2025-10-03T16:19:23Z",
            "description": "",
            "force_detach_policies": false,
            "id": "iam-application-role",
            "inline_policy": [],
            "managed_policy_arns": [
              "arn:aws:iam::239409137076:policy/iam-application-role-postgres-policy"
            ],
            "max_session_duration": 3600,
            "name": "iam-application-role",
            "name_prefix": "",
            "path": "/",
            "permissions_boundary": "",
            "tags": {},
            "tags_all": {},
            "unique_id": "AROATPPPFQW2L2E7DV3D3"
          },
          "sensitive_attributes": [],
          "private": "eyJzY2hlbWFfdmVyc2lvbiI6IjAifQ=="
        }
      ]
    },
    {
      "mode": "managed",
      "type": "aws_iam_role",
      "name": "deploy_role",
      "provider": "provider[\"registry.terraform.io/hashicorp/aws\"]",
      "instances": [
        {
          "schema_version": 0,
          "attributes": {
            "arn": "arn:aws:iam::239409137076:role/iam-github-deployer-role",
            "assume_role_policy": "{\"Statement\":[{\"Action\":\"sts:AssumeRoleWithWebIdentity\",\"Condition\":{\"StringEquals\":{\"token.actions.githubusercontent.com:aud\":\"sts.amazonaws.com\"},\"StringLike\":{\"token.actions.githubusercontent.com:sub\":\"repo:humbfei-fiap/*:*\"}},\"Effect\":\"Allow\",\"Principal\":{\"Federated\":\"arn:aws:iam::239409137076:oidc-provider/token.actions.githubusercontent.com\"}}],\"Version\":\"2012-10-17\"}",
            "create_date": "2025-10-03T16:19:23Z",
            "description": "",
            "force_detach_policies": false,
            "id": "iam-github-deployer-role",
            "inline_policy": [],
            "managed_policy_arns": [
              "arn:aws:iam::239409137076:policy/iam-github-deployer-role-policy"
            ],
            "max_session_duration": 3600,
            "name": "iam-github-deployer-role",
            "name_prefix": "",
            "path": "/",
            "permissions_boundary": "",
            "tags": {},
            "tags_all": {},
            "unique_id": "AROATPPPFQW2B6CO72SBZ"
          },
          "sensitive_attributes": [],
          "private": "eyJzY2hlbWFfdmVyc2lvbiI6IjAifQ=="
        }
      ]
    },
    {
      "mode": "managed",
      "type": "aws_iam_role_policy_attachment",
      "name": "application_postgres_attachment",
      "provider": "provider[\"registry.terraform.io/hashicorp/aws\"]",
      "instances": [
        {
          "schema_version": 0,
          "attributes": {
            "id": "iam-application-role-20251003161924423700000001",
            "policy_arn": "arn:aws:iam::239409137076:policy/iam-application-role-postgres-policy",
            "role": "iam-application-role"
          },
          "sensitive_attributes": [],
          "private": "bnVsbA==",
          "dependencies": [
            "aws_iam_policy.application_postgres_policy",
            "aws_iam_role.application_role"
          ]
        }
      ]
    },
    {
      "mode": "managed",
      "type": "aws_iam_role_policy_attachment",
      "name": "github_deployer_attachment",
      "provider": "provider[\"registry.terraform.io/hashicorp/aws\"]",
      "instances": [
        {
          "schema_version": 0,
          "attributes": {
            "id": "iam-github-deployer-role-20251003161924515600000002",
            "policy_arn": "arn:aws:iam::239409137076:policy/iam-github-deployer-role-policy",
            "role": "iam-github-deployer-role"
          },
          "sensitive_attributes": [],
          "private": "bnVsbA==",
          "dependencies": [
            "aws_iam_policy.github_deployer_policy",
            "aws_iam_role.deploy_role"
          ]
        }
      ]
    }
  ],
  "check_results": null
}
